
Microsoft Visual Studio Solution File, Format Version 12.00
# Visual Studio Version 17
VisualStudioVersion = 17.0.31903.59
MinimumVisualStudioVersion = 10.0.40219.1
Project("{FAE04EC0-301F-11D3-BF4B-00C04F79EFBC}") = "EquipmentMonitoring.Api", "EquipmentMonitoring.Api\EquipmentMonitoring.Api.csproj", "{786E5574-B5D9-4231-B4A6-46E7C0F4EC08}"
EndProject
Project("{FAE04EC0-301F-11D3-BF4B-00C04F79EFBC}") = "EquipmentMonitoring.Tests", "EquipmentMonitoring.Tests\EquipmentMonitoring.Tests.csproj", "{A6439F16-26D2-49FA-988A-B3CF83291ED6}"
EndProject
Global
	GlobalSection(SolutionConfigurationPlatforms) = preSolution
		Debug|Any CPU = Debug|Any CPU
		Release|Any CPU = Release|Any CPU
	EndGlobalSection
	GlobalSection(SolutionProperties) = preSolution
		HideSolutionNode = FALSE
	EndGlobalSection
	GlobalSection(ProjectConfigurationPlatforms) = postSolution
		{786E5574-B5D9-4231-B4A6-46E7C0F4EC08}.Debug|Any CPU.ActiveCfg = Debug|Any CPU
		{786E5574-B5D9-4231-B4A6-46E7C0F4EC08}.Debug|Any CPU.Build.0 = Debug|Any CPU
		{786E5574-B5D9-4231-B4A6-46E7C0F4EC08}.Release|Any CPU.ActiveCfg = Release|Any CPU
		{786E5574-B5D9-4231-B4A6-46E7C0F4EC08}.Release|Any CPU.Build.0 = Release|Any CPU
		{A6439F16-26D2-49FA-988A-B3CF83291ED6}.Debug|Any CPU.ActiveCfg = Debug|Any CPU
		{A6439F16-26D2-49FA-988A-B3CF83291ED6}.Debug|Any CPU.Build.0 = Debug|Any CPU
		{A6439F16-26D2-49FA-988A-B3CF83291ED6}.Release|Any CPU.ActiveCfg = Release|Any CPU
		{A6439F16-26D2-49FA-988A-B3CF83291ED6}.Release|Any CPU.Build.0 = Release|Any CPU
	EndGlobalSection
EndGlobal
